
Microsoft Visual Studio Solution File, Format Version 12.00
# Visual Studio Version 16
VisualStudioVersion = 16.0.31515.178
MinimumVisualStudioVersion = 10.0.40219.1
Project("{E24C65DC-7377-472B-9ABA-BC803B73C61A}") = "fordeploycheck", "fordeploycheck\", "{8FB45E09-3A9E-4803-870B-136C626205DB}"
	ProjectSection(WebsiteProperties) = preProject
		TargetFrameworkMoniker = ".NETFramework,Version%3Dv4.7.2"
		Debug.AspNetCompiler.VirtualPath = "/localhost_54484"
		Debug.AspNetCompiler.PhysicalPath = "fordeploycheck\"
		Debug.AspNetCompiler.TargetPath = "PrecompiledWeb\localhost_54484\"
		Debug.AspNetCompiler.Updateable = "true"
		Debug.AspNetCompiler.ForceOverwrite = "true"
		Debug.AspNetCompiler.FixedNames = "false"
		Debug.AspNetCompiler.Debug = "True"
		Release.AspNetCompiler.VirtualPath = "/localhost_54484"
		Release.AspNetCompiler.PhysicalPath = "fordeploycheck\"
		Release.AspNetCompiler.TargetPath = "PrecompiledWeb\localhost_54484\"
		Release.AspNetCompiler.Updateable = "true"
		Release.AspNetCompiler.ForceOverwrite = "true"
		Release.AspNetCompiler.FixedNames = "false"
		Release.AspNetCompiler.Debug = "False"
		VWDPort = "54484"
		SlnRelativePath = "fordeploycheck\"
		DefaultWebSiteLanguage = "Visual C#"
	EndProjectSection
EndProject
Global
	GlobalSection(SolutionConfigurationPlatforms) = preSolution
		Debug|Any CPU = Debug|Any CPU
	EndGlobalSection
	GlobalSection(ProjectConfigurationPlatforms) = postSolution
		{8FB45E09-3A9E-4803-870B-136C626205DB}.Debug|Any CPU.ActiveCfg = Debug|Any CPU
		{8FB45E09-3A9E-4803-870B-136C626205DB}.Debug|Any CPU.Build.0 = Debug|Any CPU
	EndGlobalSection
	GlobalSection(SolutionProperties) = preSolution
		HideSolutionNode = FALSE
	EndGlobalSection
	GlobalSection(ExtensibilityGlobals) = postSolution
		SolutionGuid = {3E1D2FB0-5874-4397-8358-2A66C92EF1E1}
	EndGlobalSection
EndGlobal
